// !$*UTF8*$!
{
	archiveVersion = 1;
	classes = {
	};
	objectVersion = 46;
	objects = {

/* Begin PBXBuildFile section */
		5602A6A01AC0BCB700888FF9 /* EventDetailViewController.m in Sources */ = {isa = PBXBuildFile; fileRef = 5602A69F1AC0BCB700888FF9 /* EventDetailViewController.m */; };
		5602A6A31AC0CBFC00888FF9 /* WebViewController.m in Sources */ = {isa = PBXBuildFile; fileRef = 5602A6A21AC0CBFC00888FF9 /* WebViewController.m */; };
		5642EB9D1AC098CD0050E054 /* main.m in Sources */ = {isa = PBXBuildFile; fileRef = 5642EB9C1AC098CD0050E054 /* main.m */; };
		5642EBA01AC098CD0050E054 /* AppDelegate.m in Sources */ = {isa = PBXBuildFile; fileRef = 5642EB9F1AC098CD0050E054 /* AppDelegate.m */; };
		5642EBA31AC098CD0050E054 /* EventsListViewController.m in Sources */ = {isa = PBXBuildFile; fileRef = 5642EBA21AC098CD0050E054 /* EventsListViewController.m */; };
		5642EBA61AC098CD0050E054 /* Main.storyboard in Resources */ = {isa = PBXBuildFile; fileRef = 5642EBA41AC098CD0050E054 /* Main.storyboard */; };
		5642EBA81AC098CD0050E054 /* Images.xcassets in Resources */ = {isa = PBXBuildFile; fileRef = 5642EBA71AC098CD0050E054 /* Images.xcassets */; };
		5642EBAB1AC098CD0050E054 /* LaunchScreen.xib in Resources */ = {isa = PBXBuildFile; fileRef = 5642EBA91AC098CD0050E054 /* LaunchScreen.xib */; };
		5642EBB71AC098CD0050E054 /* MeetMeUpTests.m in Sources */ = {isa = PBXBuildFile; fileRef = 5642EBB61AC098CD0050E054 /* MeetMeUpTests.m */; };
/* End PBXBuildFile section */

/* Begin PBXContainerItemProxy section */
		5642EBB11AC098CD0050E054 /* PBXContainerItemProxy */ = {
			isa = PBXContainerItemProxy;
			containerPortal = 5642EB8F1AC098CD0050E054 /* Project object */;
			proxyType = 1;
			remoteGlobalIDString = 5642EB961AC098CD0050E054;
			remoteInfo = MeetMeUp;
		};
/* End PBXContainerItemProxy section */

/* Begin PBXFileReference section */
		5602A69E1AC0BCB700888FF9 /* EventDetailViewController.h */ = {isa = PBXFileReference; fileEncoding = 4; lastKnownFileType = sourcecode.c.h; path = EventDetailViewController.h; sourceTree = "<group>"; };
		5602A69F1AC0BCB700888FF9 /* EventDetailViewController.m */ = {isa = PBXFileReference; fileEncoding = 4; lastKnownFileType = sourcecode.c.objc; path = EventDetailViewController.m; sourceTree = "<group>"; };
		5602A6A11AC0CBFC00888FF9 /* WebViewController.h */ = {isa = PBXFileReference; fileEncoding = 4; lastKnownFileType = sourcecode.c.h; path = WebViewController.h; sourceTree = "<group>"; };
		5602A6A21AC0CBFC00888FF9 /* WebViewController.m */ = {isa = PBXFileReference; fileEncoding = 4; lastKnownFileType = sourcecode.c.objc; path = WebViewController.m; sourceTree = "<group>"; };
		5642EB971AC098CD0050E054 /* MeetMeUp.app */ = {isa = PBXFileReference; explicitFileType = wrapper.application; includeInIndex = 0; path = MeetMeUp.app; sourceTree = BUILT_PRODUCTS_DIR; };
		5642EB9B1AC098CD0050E054 /* Info.plist */ = {isa = PBXFileReference; lastKnownFileType = text.plist.xml; path = Info.plist; sourceTree = "<group>"; };
		5642EB9C1AC098CD0050E054 /* main.m */ = {isa = PBXFileReference; lastKnownFileType = sourcecode.c.objc; path = main.m; sourceTree = "<group>"; };
		5642EB9E1AC098CD0050E054 /* AppDelegate.h */ = {isa = PBXFileReference; lastKnownFileType = sourcecode.c.h; path = AppDelegate.h; sourceTree = "<group>"; };
		5642EB9F1AC098CD0050E054 /* AppDelegate.m */ = {isa = PBXFileReference; lastKnownFileType = sourcecode.c.objc; path = AppDelegate.m; sourceTree = "<group>"; };
		5642EBA11AC098CD0050E054 /* EventsListViewController.h */ = {isa = PBXFileReference; lastKnownFileType = sourcecode.c.h; path = EventsListViewController.h; sourceTree = "<group>"; };
		5642EBA21AC098CD0050E054 /* EventsListViewController.m */ = {isa = PBXFileReference; lastKnownFileType = sourcecode.c.objc; path = EventsListViewController.m; sourceTree = "<group>"; };
		5642EBA51AC098CD0050E054 /* Base */ = {isa = PBXFileReference; lastKnownFileType = file.storyboard; name = Base; path = Base.lproj/Main.storyboard; sourceTree = "<group>"; };
		5642EBA71AC098CD0050E054 /* Images.xcassets */ = {isa = PBXFileReference; lastKnownFileType = folder.assetcatalog; path = Images.xcassets; sourceTree = "<group>"; };
		5642EBAA1AC098CD0050E054 /* Base */ = {isa = PBXFileReference; lastKnownFileType = file.xib; name = Base; path = Base.lproj/LaunchScreen.xib; sourceTree = "<group>"; };
		5642EBB01AC098CD0050E054 /* MeetMeUpTests.xctest */ = {isa = PBXFileReference; explicitFileType = wrapper.cfbundle; includeInIndex = 0; path = MeetMeUpTests.xctest; sourceTree = BUILT_PRODUCTS_DIR; };
		5642EBB51AC098CD0050E054 /* Info.plist */ = {isa = PBXFileReference; lastKnownFileType = text.plist.xml; path = Info.plist; sourceTree = "<group>"; };
		5642EBB61AC098CD0050E054 /* MeetMeUpTests.m */ = {isa = PBXFileReference; lastKnownFileType = sourcecode.c.objc; path = MeetMeUpTests.m; sourceTree = "<group>"; };
/* End PBXFileReference section */

/* Begin PBXFrameworksBuildPhase section */
		5642EB941AC098CD0050E054 /* Frameworks */ = {
			isa = PBXFrameworksBuildPhase;
			buildActionMask = 2147483647;
			files = (
			);
			runOnlyForDeploymentPostprocessing = 0;
		};
		5642EBAD1AC098CD0050E054 /* Frameworks */ = {
			isa = PBXFrameworksBuildPhase;
			buildActionMask = 2147483647;
			files = (
			);
			runOnlyForDeploymentPostprocessing = 0;
		};
/* End PBXFrameworksBuildPhase section */

/* Begin PBXGroup section */
		5642EB8E1AC098CD0050E054 = {
			isa = PBXGroup;
			children = (
				5642EB991AC098CD0050E054 /* MeetMeUp */,
				5642EBB31AC098CD0050E054 /* MeetMeUpTests */,
				5642EB981AC098CD0050E054 /* Products */,
			);
			sourceTree = "<group>";
		};
		5642EB981AC098CD0050E054 /* Products */ = {
			isa = PBXGroup;
			children = (
				5642EB971AC098CD0050E054 /* MeetMeUp.app */,
				5642EBB01AC098CD0050E054 /* MeetMeUpTests.xctest */,
			);
			name = Products;
			sourceTree = "<group>";
		};
		5642EB991AC098CD0050E054 /* MeetMeUp */ = {
			isa = PBXGroup;
			children = (
				5642EB9E1AC098CD0050E054 /* AppDelegate.h */,
				5642EB9F1AC098CD0050E054 /* AppDelegate.m */,
				5642EBA11AC098CD0050E054 /* EventsListViewController.h */,
				5642EBA21AC098CD0050E054 /* EventsListViewController.m */,
				5602A69E1AC0BCB700888FF9 /* EventDetailViewController.h */,
				5602A69F1AC0BCB700888FF9 /* EventDetailViewController.m */,
				5602A6A11AC0CBFC00888FF9 /* WebViewController.h */,
				5602A6A21AC0CBFC00888FF9 /* WebViewController.m */,
				5642EBA41AC098CD0050E054 /* Main.storyboard */,
				5642EBA71AC098CD0050E054 /* Images.xcassets */,
				5642EBA91AC098CD0050E054 /* LaunchScreen.xib */,
				5642EB9A1AC098CD0050E054 /* Supporting Files */,
			);
			path = MeetMeUp;
			sourceTree = "<group>";
		};
		5642EB9A1AC098CD0050E054 /* Supporting Files */ = {
			isa = PBXGroup;
			children = (
				5642EB9B1AC098CD0050E054 /* Info.plist */,
				5642EB9C1AC098CD0050E054 /* main.m */,
			);
			name = "Supporting Files";
			sourceTree = "<group>";
		};
		5642EBB31AC098CD0050E054 /* MeetMeUpTests */ = {
			isa = PBXGroup;
			children = (
				5642EBB61AC098CD0050E054 /* MeetMeUpTests.m */,
				5642EBB41AC098CD0050E054 /* Supporting Files */,
			);
			path = MeetMeUpTests;
			sourceTree = "<group>";
		};
		5642EBB41AC098CD0050E054 /* Supporting Files */ = {
			isa = PBXGroup;
			children = (
				5642EBB51AC098CD0050E054 /* Info.plist */,
			);
			name = "Supporting Files";
			sourceTree = "<group>";
		};
/* End PBXGroup section */

/* Begin PBXNativeTarget section */
		5642EB961AC098CD0050E054 /* MeetMeUp */ = {
			isa = PBXNativeTarget;
			buildConfigurationList = 5642EBBA1AC098CD0050E054 /* Build configuration list for PBXNativeTarget "MeetMeUp" */;
			buildPhases = (
				5642EB931AC098CD0050E054 /* Sources */,
				5642EB941AC098CD0050E054 /* Frameworks */,
				5642EB951AC098CD0050E054 /* Resources */,
			);
			buildRules = (
			);
			dependencies = (
			);
			name = MeetMeUp;
			productName = MeetMeUp;
			productReference = 5642EB971AC098CD0050E054 /* MeetMeUp.app */;
			productType = "com.apple.product-type.application";
		};
		5642EBAF1AC098CD0050E054 /* MeetMeUpTests */ = {
			isa = PBXNativeTarget;
			buildConfigurationList = 5642EBBD1AC098CD0050E054 /* Build configuration list for PBXNativeTarget "MeetMeUpTests" */;
			buildPhases = (
				5642EBAC1AC098CD0050E054 /* Sources */,
				5642EBAD1AC098CD0050E054 /* Frameworks */,
				5642EBAE1AC098CD0050E054 /* Resources */,
			);
			buildRules = (
			);
			dependencies = (
				5642EBB21AC098CD0050E054 /* PBXTargetDependency */,
			);
			name = MeetMeUpTests;
			productName = MeetMeUpTests;
			productReference = 5642EBB01AC098CD0050E054 /* MeetMeUpTests.xctest */;
			productType = "com.apple.product-type.bundle.unit-test";
		};
/* End PBXNativeTarget section */

/* Begin PBXProject section */
		5642EB8F1AC098CD0050E054 /* Project object */ = {
			isa = PBXProject;
			attributes = {
				LastUpgradeCheck = 0620;
				ORGANIZATIONNAME = "Brazuca Labs";
				TargetAttributes = {
					5642EB961AC098CD0050E054 = {
						CreatedOnToolsVersion = 6.2;
					};
					5642EBAF1AC098CD0050E054 = {
						CreatedOnToolsVersion = 6.2;
						TestTargetID = 5642EB961AC098CD0050E054;
					};
				};
			};
			buildConfigurationList = 5642EB921AC098CD0050E054 /* Build configuration list for PBXProject "MeetMeUp" */;
			compatibilityVersion = "Xcode 3.2";
			developmentRegion = English;
			hasScannedForEncodings = 0;
			knownRegions = (
				en,
				Base,
			);
			mainGroup = 5642EB8E1AC098CD0050E054;
			productRefGroup = 5642EB981AC098CD0050E054 /* Products */;
			projectDirPath = "";
			projectRoot = "";
			targets = (
				5642EB961AC098CD0050E054 /* MeetMeUp */,
				5642EBAF1AC098CD0050E054 /* MeetMeUpTests */,
			);
		};
/* End PBXProject section */

/* Begin PBXResourcesBuildPhase section */
		5642EB951AC098CD0050E054 /* Resources */ = {
			isa = PBXResourcesBuildPhase;
			buildActionMask = 2147483647;
			files = (
				5642EBA61AC098CD0050E054 /* Main.storyboard in Resources */,
				5642EBAB1AC098CD0050E054 /* LaunchScreen.xib in Resources */,
				5642EBA81AC098CD0050E054 /* Images.xcassets in Resources */,
			);
			runOnlyForDeploymentPostprocessing = 0;
		};
		5642EBAE1AC098CD0050E054 /* Resources */ = {
			isa = PBXResourcesBuildPhase;
			buildActionMask = 2147483647;
			files = (
			);
			runOnlyForDeploymentPostprocessing = 0;
		};
/* End PBXResourcesBuildPhase section */

/* Begin PBXSourcesBuildPhase section */
		5642EB931AC098CD0050E054 /* Sources */ = {
			isa = PBXSourcesBuildPhase;
			buildActionMask = 2147483647;
			files = (
				5642EBA31AC098CD0050E054 /* EventsListViewController.m in Sources */,
				5602A6A31AC0CBFC00888FF9 /* WebViewController.m in Sources */,
				5642EBA01AC098CD0050E054 /* AppDelegate.m in Sources */,
				5602A6A01AC0BCB700888FF9 /* EventDetailViewController.m in Sources */,
				5642EB9D1AC098CD0050E054 /* main.m in Sources */,
			);
			runOnlyForDeploymentPostprocessing = 0;
		};
		5642EBAC1AC098CD0050E054 /* Sources */ = {
			isa = PBXSourcesBuildPhase;
			buildActionMask = 2147483647;
			files = (
				5642EBB71AC098CD0050E054 /* MeetMeUpTests.m in Sources */,
			);
			runOnlyForDeploymentPostprocessing = 0;
		};
/* End PBXSourcesBuildPhase section */

/* Begin PBXTargetDependency section */
		5642EBB21AC098CD0050E054 /* PBXTargetDependency */ = {
			isa = PBXTargetDependency;
			target = 5642EB961AC098CD0050E054 /* MeetMeUp */;
			targetProxy = 5642EBB11AC098CD0050E054 /* PBXContainerItemProxy */;
		};
/* End PBXTargetDependency section */

/* Begin PBXVariantGroup section */
		5642EBA41AC098CD0050E054 /* Main.storyboard */ = {
			isa = PBXVariantGroup;
			children = (
				5642EBA51AC098CD0050E054 /* Base */,
			);
			name = Main.storyboard;
			sourceTree = "<group>";
		};
		5642EBA91AC098CD0050E054 /* LaunchScreen.xib */ = {
			isa = PBXVariantGroup;
			children = (
				5642EBAA1AC098CD0050E054 /* Base */,
			);
			name = LaunchScreen.xib;
			sourceTree = "<group>";
		};
/* End PBXVariantGroup section */

/* Begin XCBuildConfiguration section */
		5642EBB81AC098CD0050E054 /* Debug */ = {
			isa = XCBuildConfiguration;
			buildSettings = {
				ALWAYS_SEARCH_USER_PATHS = NO;
				CLANG_CXX_LANGUAGE_STANDARD = "gnu++0x";
				CLANG_CXX_LIBRARY = "libc++";
				CLANG_ENABLE_MODULES = YES;
				CLANG_ENABLE_OBJC_ARC = YES;
				CLANG_WARN_BOOL_CONVERSION = YES;
				CLANG_WARN_CONSTANT_CONVERSION = YES;
				CLANG_WARN_DIRECT_OBJC_ISA_USAGE = YES_ERROR;
				CLANG_WARN_EMPTY_BODY = YES;
				CLANG_WARN_ENUM_CONVERSION = YES;
				CLANG_WARN_INT_CONVERSION = YES;
				CLANG_WARN_OBJC_ROOT_CLASS = YES_ERROR;
				CLANG_WARN_UNREACHABLE_CODE = YES;
				CLANG_WARN__DUPLICATE_METHOD_MATCH = YES;
				"CODE_SIGN_IDENTITY[sdk=iphoneos*]" = "iPhone Developer";
				COPY_PHASE_STRIP = NO;
				ENABLE_STRICT_OBJC_MSGSEND = YES;
				GCC_C_LANGUAGE_STANDARD = gnu99;
				GCC_DYNAMIC_NO_PIC = NO;
				GCC_OPTIMIZATION_LEVEL = 0;
				GCC_PREPROCESSOR_DEFINITIONS = (
					"DEBUG=1",
					"$(inherited)",
				);
				GCC_SYMBOLS_PRIVATE_EXTERN = NO;
				GCC_WARN_64_TO_32_BIT_CONVERSION = YES;
				GCC_WARN_ABOUT_RETURN_TYPE = YES_ERROR;
				GCC_WARN_UNDECLARED_SELECTOR = YES;
				GCC_WARN_UNINITIALIZED_AUTOS = YES_AGGRESSIVE;
				GCC_WARN_UNUSED_FUNCTION = YES;
				GCC_WARN_UNUSED_VARIABLE = YES;
				IPHONEOS_DEPLOYMENT_TARGET = 8.2;
				MTL_ENABLE_DEBUG_INFO = YES;
				ONLY_ACTIVE_ARCH = YES;
				SDKROOT = iphoneos;
			};
			name = Debug;
		};
		5642EBB91AC098CD0050E054 /* Release */ = {
			isa = XCBuildConfiguration;
			buildSettings = {
				ALWAYS_SEARCH_USER_PATHS = NO;
				CLANG_CXX_LANGUAGE_STANDARD = "gnu++0x";
				CLANG_CXX_LIBRARY = "libc++";
				CLANG_ENABLE_MODULES = YES;
				CLANG_ENABLE_OBJC_ARC = YES;
				CLANG_WARN_BOOL_CONVERSION = YES;
				CLANG_WARN_CONSTANT_CONVERSION = YES;
				CLANG_WARN_DIRECT_OBJC_ISA_USAGE = YES_ERROR;
				CLANG_WARN_EMPTY_BODY = YES;
				CLANG_WARN_ENUM_CONVERSION = YES;
				CLANG_WARN_INT_CONVERSION = YES;
				CLANG_WARN_OBJC_ROOT_CLASS = YES_ERROR;
				CLANG_WARN_UNREACHABLE_CODE = YES;
				CLANG_WARN__DUPLICATE_METHOD_MATCH = YES;
				"CODE_SIGN_IDENTITY[sdk=iphoneos*]" = "iPhone Developer";
				COPY_PHASE_STRIP = NO;
				ENABLE_NS_ASSERTIONS = NO;
				ENABLE_STRICT_OBJC_MSGSEND = YES;
				GCC_C_LANGUAGE_STANDARD = gnu99;
				GCC_WARN_64_TO_32_BIT_CONVERSION = YES;
				GCC_WARN_ABOUT_RETURN_TYPE = YES_ERROR;
				GCC_WARN_UNDECLARED_SELECTOR = YES;
				GCC_WARN_UNINITIALIZED_AUTOS = YES_AGGRESSIVE;
				GCC_WARN_UNUSED_FUNCTION = YES;
				GCC_WARN_UNUSED_VARIABLE = YES;
				IPHONEOS_DEPLOYMENT_TARGET = 8.2;
				MTL_ENABLE_DEBUG_INFO = NO;
				SDKROOT = iphoneos;
				VALIDATE_PRODUCT = YES;
			};
			name = Release;
		};
		5642EBBB1AC098CD0050E054 /* Debug */ = {
			isa = XCBuildConfiguration;
			buildSettings = {
				ASSETCATALOG_COMPILER_APPICON_NAME = AppIcon;
				INFOPLIST_FILE = MeetMeUp/Info.plist;
				LD_RUNPATH_SEARCH_PATHS = "$(inherited) @executable_path/Frameworks";
				PRODUCT_NAME = "$(TARGET_NAME)";
			};
			name = Debug;
		};
		5642EBBC1AC098CD0050E054 /* Release */ = {
			isa = XCBuildConfiguration;
			buildSettings = {
				ASSETCATALOG_COMPILER_APPICON_NAME = AppIcon;
				INFOPLIST_FILE = MeetMeUp/Info.plist;
				LD_RUNPATH_SEARCH_PATHS = "$(inherited) @executable_path/Frameworks";
				PRODUCT_NAME = "$(TARGET_NAME)";
			};
			name = Release;
		};
		5642EBBE1AC098CD0050E054 /* Debug */ = {
			isa = XCBuildConfiguration;
			buildSettings = {
				BUNDLE_LOADER = "$(TEST_HOST)";
				FRAMEWORK_SEARCH_PATHS = (
					"$(SDKROOT)/Developer/Library/Frameworks",
					"$(inherited)",
				);
				GCC_PREPROCESSOR_DEFINITIONS = (
					"DEBUG=1",
					"$(inherited)",
				);
				INFOPLIST_FILE = MeetMeUpTests/Info.plist;
				LD_RUNPATH_SEARCH_PATHS = "$(inherited) @executable_path/Frameworks @loader_path/Frameworks";
				PRODUCT_NAME = "$(TARGET_NAME)";
				TEST_HOST = "$(BUILT_PRODUCTS_DIR)/MeetMeUp.app/MeetMeUp";
			};
			name = Debug;
		};
		5642EBBF1AC098CD0050E054 /* Release */ = {
			isa = XCBuildConfiguration;
			buildSettings = {
				BUNDLE_LOADER = "$(TEST_HOST)";
				FRAMEWORK_SEARCH_PATHS = (
					"$(SDKROOT)/Developer/Library/Frameworks",
					"$(inherited)",
				);
				INFOPLIST_FILE = MeetMeUpTests/Info.plist;
				LD_RUNPATH_SEARCH_PATHS = "$(inherited) @executable_path/Frameworks @loader_path/Frameworks";
				PRODUCT_NAME = "$(TARGET_NAME)";
				TEST_HOST = "$(BUILT_PRODUCTS_DIR)/MeetMeUp.app/MeetMeUp";
			};
			name = Release;
		};
/* End XCBuildConfiguration section */

/* Begin XCConfigurationList section */
		5642EB921AC098CD0050E054 /* Build configuration list for PBXProject "MeetMeUp" */ = {
			isa = XCConfigurationList;
			buildConfigurations = (
				5642EBB81AC098CD0050E054 /* Debug */,
				5642EBB91AC098CD0050E054 /* Release */,
			);
			defaultConfigurationIsVisible = 0;
			defaultConfigurationName = Release;
		};
		5642EBBA1AC098CD0050E054 /* Build configuration list for PBXNativeTarget "MeetMeUp" */ = {
			isa = XCConfigurationList;
			buildConfigurations = (
				5642EBBB1AC098CD0050E054 /* Debug */,
				5642EBBC1AC098CD0050E054 /* Release */,
			);
			defaultConfigurationIsVisible = 0;
			defaultConfigurationName = Release;
		};
		5642EBBD1AC098CD0050E054 /* Build configuration list for PBXNativeTarget "MeetMeUpTests" */ = {
			isa = XCConfigurationList;
			buildConfigurations = (
				5642EBBE1AC098CD0050E054 /* Debug */,
				5642EBBF1AC098CD0050E054 /* Release */,
			);
			defaultConfigurationIsVisible = 0;
			defaultConfigurationName = Release;
		};
/* End XCConfigurationList section */
	};
	rootObject = 5642EB8F1AC098CD0050E054 /* Project object */;
}
